
Microsoft Visual Studio Solution File, Format Version 12.00
# Visual Studio 2012
Project("{FAE04EC0-301F-11D3-BF4B-00C04F79EFBC}") = "TrabalhoBernardi", "TrabalhoBernardi.csproj", "{38A83377-5DF5-4D2E-BAA8-9FC5518A6F84}"
EndProject
Global
	GlobalSection(SolutionConfigurationPlatforms) = preSolution
		Debug|Any CPU = Debug|Any CPU
		Release|Any CPU = Release|Any CPU
	EndGlobalSection
	GlobalSection(ProjectConfigurationPlatforms) = postSolution
		{38A83377-5DF5-4D2E-BAA8-9FC5518A6F84}.Debug|Any CPU.ActiveCfg = Debug|Any CPU
		{38A83377-5DF5-4D2E-BAA8-9FC5518A6F84}.Debug|Any CPU.Build.0 = Debug|Any CPU
		{38A83377-5DF5-4D2E-BAA8-9FC5518A6F84}.Release|Any CPU.ActiveCfg = Release|Any CPU
		{38A83377-5DF5-4D2E-BAA8-9FC5518A6F84}.Release|Any CPU.Build.0 = Release|Any CPU
	EndGlobalSection
	GlobalSection(SolutionProperties) = preSolution
		HideSolutionNode = FALSE
	EndGlobalSection
EndGlobal
